Microsoft Visual Studio Solution File, Format Version 11.00
# Visual Studio 2010
Project("{8BC9CEB8-8B4A-11D0-8D11-00A0C91BC942}") = "amcap", "amcap.vcxproj", "{FC4CCFFB-B207-0B11-CD35-90435F1F2264}"
	ProjectSection(ProjectDependencies) = postProject
		{E23E3C74-C479-0C86-19D2-7C73AF67B0AE} = {E23E3C74-C479-0C86-19D2-7C73AF67B0AE}
	EndProjectSection
EndProject
Project("{8BC9CEB8-8B4A-11D0-8D11-00A0C91BC942}") = "strmbasd", "BaseClasses\baseclasses.vcxproj", "{E23E3C74-C479-0C86-19D2-7C73AF67B0AE}"
EndProject
Global
	GlobalSection(SolutionConfigurationPlatforms) = preSolution
		Debug|Win32 = Debug|Win32
		Release|Win32 = Release|Win32
	EndGlobalSection
	GlobalSection(ProjectConfigurationPlatforms) = postSolution
		{FC4CCFFB-B207-0B11-CD35-90435F1F2264}.Debug|Win32.ActiveCfg = Debug|Win32
		{FC4CCFFB-B207-0B11-CD35-90435F1F2264}.Debug|Win32.Build.0 = Debug|Win32
		{FC4CCFFB-B207-0B11-CD35-90435F1F2264}.Release|Win32.ActiveCfg = Release|Win32
		{FC4CCFFB-B207-0B11-CD35-90435F1F2264}.Release|Win32.Build.0 = Release|Win32
		{E23E3C74-C479-0C86-19D2-7C73AF67B0AE}.Debug|Win32.ActiveCfg = Debug|Win32
		{E23E3C74-C479-0C86-19D2-7C73AF67B0AE}.Debug|Win32.Build.0 = Debug|Win32
		{E23E3C74-C479-0C86-19D2-7C73AF67B0AE}.Release|Win32.ActiveCfg = Release|Win32
		{E23E3C74-C479-0C86-19D2-7C73AF67B0AE}.Release|Win32.Build.0 = Release|Win32
	EndGlobalSection
	GlobalSection(SolutionProperties) = preSolution
		HideSolutionNode = FALSE
	EndGlobalSection
EndGlobal
